{
  "name": "lumin-repo-lens-skill",
  "version": "0.9.0-beta.93",
  "lockfileVersion": 3,
  "requires": true,
  "packages": {
    "node_modules/@vscode/tree-sitter-wasm": {
      "version": "0.3.1",
      "resolved": "https://registry.npmjs.org/@vscode/tree-sitter-wasm/-/tree-sitter-wasm-0.3.1.tgz",
      "integrity": "sha512-RJFoomET6FajjG511fmQxeBQfU6M24a0aFZPqpid+ttIxanWf1VGytBG0UmsGjt07qmIPJS8U31D+aecuCucsQ==",
      "license": "MIT"
    },
    "node_modules/oxc-parser": {
      "version": "0.126.0",
      "resolved": "https://registry.npmjs.org/oxc-parser/-/oxc-parser-0.126.0.tgz",
      "integrity": "sha512-FktCvLby/mOHyuijZt22+nOt10dS24gGUZE3XwIbUg7Kf4+rer3/5T7RgwzazlNuVsCjPloZ3p8E+4ONT3A8Kw==",
      "license": "MIT",
      "dependencies": {
        "@oxc-project/types": "^0.126.0"
      },
      "engines": {
        "node": "^20.19.0 || >=22.12.0"
      },
      "funding": {
        "url": "https://github.com/sponsors/Boshen"
      },
      "optionalDependencies": {
        "@oxc-parser/binding-android-arm-eabi": "0.126.0",
        "@oxc-parser/binding-android-arm64": "0.126.0",
        "@oxc-parser/binding-darwin-arm64": "0.126.0",
        "@oxc-parser/binding-darwin-x64": "0.126.0",
        "@oxc-parser/binding-freebsd-x64": "0.126.0",
        "@oxc-parser/binding-linux-arm-gnueabihf": "0.126.0",
        "@oxc-parser/binding-linux-arm-musleabihf": "0.126.0",
        "@oxc-parser/binding-linux-arm64-gnu": "0.126.0",
        "@oxc-parser/binding-linux-arm64-musl": "0.126.0",
        "@oxc-parser/binding-linux-ppc64-gnu": "0.126.0",
        "@oxc-parser/binding-linux-riscv64-gnu": "0.126.0",
        "@oxc-parser/binding-linux-riscv64-musl": "0.126.0",
        "@oxc-parser/binding-linux-s390x-gnu": "0.126.0",
        "@oxc-parser/binding-linux-x64-gnu": "0.126.0",
        "@oxc-parser/binding-linux-x64-musl": "0.126.0",
        "@oxc-parser/binding-openharmony-arm64": "0.126.0",
        "@oxc-parser/binding-wasm32-wasi": "0.126.0",
        "@oxc-parser/binding-win32-arm64-msvc": "0.126.0",
        "@oxc-parser/binding-win32-ia32-msvc": "0.126.0",
        "@oxc-parser/binding-win32-x64-msvc": "0.126.0"
      }
    },
    "node_modules/typescript": {
      "version": "5.9.3",
      "resolved": "https://registry.npmjs.org/typescript/-/typescript-5.9.3.tgz",
      "integrity": "sha512-jl1vZzPDinLr9eUt3J/t7V6FgNEw9QjvBPdysz9KfQDD41fQrC2Y4vKQdiaUpFT4bXlb1RHhLpp8wtm6M5TgSw==",
      "license": "Apache-2.0",
      "bin": {
        "tsc": "bin/tsc",
        "tsserver": "bin/tsserver"
      },
      "engines": {
        "node": ">=14.17"
      }
    },
    "node_modules/web-tree-sitter": {
      "version": "0.26.8",
      "resolved": "https://registry.npmjs.org/web-tree-sitter/-/web-tree-sitter-0.26.8.tgz",
      "integrity": "sha512-4sUwi7ZyOrIk5KLgYLkc2A/F0LFMQnBhfb+2Cdl7ik4ePJ6JD+fk4ofI2sA5eGawBKBaK4Vntt7Ww5KcEsay4A==",
      "license": "MIT"
    },
    "node_modules/@oxc-project/types": {
      "version": "0.126.0",
      "resolved": "https://registry.npmjs.org/@oxc-project/types/-/types-0.126.0.tgz",
      "integrity": "sha512-oGfVtjAgwQVVpfBrbtk4e1XDyWHRFta6BS3GWVzrF8xYBT2VGQAk39yJS/wFSMrZqoiCU4oghT3Ch0HaHGIHcQ==",
      "license": "MIT",
      "funding": {
        "url": "https://github.com/sponsors/Boshen"
      }
    },
    "node_modules/@oxc-parser/binding-android-arm-eabi": {
      "version": "0.126.0",
      "resolved": "https://registry.npmjs.org/@oxc-parser/binding-android-arm-eabi/-/binding-android-arm-eabi-0.126.0.tgz",
      "integrity": "sha512-svyoHt25J4741QJ5aa4R+h0iiBeSRt63Lr3aAZcxy2c/NeSE1IfDeMnSij6rIg7EjxkdlXzz613wUjeCeilBNA==",
      "cpu": [
        "arm"
      ],
      "license": "MIT",
      "optional": true,
      "os": [
        "android"
      ],
      "engines": {
        "node": "^20.19.0 || >=22.12.0"
      }
    },
    "node_modules/@oxc-parser/binding-android-arm64": {
      "version": "0.126.0",
      "resolved": "https://registry.npmjs.org/@oxc-parser/binding-android-arm64/-/binding-android-arm64-0.126.0.tgz",
      "integrity": "sha512-hPEBRKgplp1mG9GkINFsr4JVMDNrGJLOqfDaadTWpAoTnzYR5Rmv8RMvB3hJZpiNvbk1aacopdHUP1pggMQ/cw==",
      "cpu": [
        "arm64"
      ],
      "license": "MIT",
      "optional": true,
      "os": [
        "android"
      ],
      "engines": {
        "node": "^20.19.0 || >=22.12.0"
      }
    },
    "node_modules/@oxc-parser/binding-darwin-arm64": {
      "version": "0.126.0",
      "resolved": "https://registry.npmjs.org/@oxc-parser/binding-darwin-arm64/-/binding-darwin-arm64-0.126.0.tgz",
      "integrity": "sha512-ccRpu9sdYmznePJQG5halhs0FW5tw5a8zRSoZXOzM1OjoeZ4jiRRruFiPclsD59edoVAK1l83dvfjWz1nQi6lg==",
      "cpu": [
        "arm64"
      ],
      "license": "MIT",
      "optional": true,
      "os": [
        "darwin"
      ],
      "engines": {
        "node": "^20.19.0 || >=22.12.0"
      }
    },
    "node_modules/@oxc-parser/binding-darwin-x64": {
      "version": "0.126.0",
      "resolved": "https://registry.npmjs.org/@oxc-parser/binding-darwin-x64/-/binding-darwin-x64-0.126.0.tgz",
      "integrity": "sha512-CHB4zVjNSKqx8Fw9pHowzQQnjjuq04i4Ng0Avj+DixlwhwAoMYqlFbocYIlbg+q3zOLGlm7vEHm83jqEMitnyg==",
      "cpu": [
        "x64"
      ],
      "license": "MIT",
      "optional": true,
      "os": [
        "darwin"
      ],
      "engines": {
        "node": "^20.19.0 || >=22.12.0"
      }
    },
    "node_modules/@oxc-parser/binding-freebsd-x64": {
      "version": "0.126.0",
      "resolved": "https://registry.npmjs.org/@oxc-parser/binding-freebsd-x64/-/binding-freebsd-x64-0.126.0.tgz",
      "integrity": "sha512-RQ3nEJdcDKBfBjmLJ3Vl1d0KQERPV1P8eUrnBm7+VTYyoaJSPLVFuPg1mlD1hk3n0/879VLFMfusFkBal4ssWQ==",
      "cpu": [
        "x64"
      ],
      "license": "MIT",
      "optional": true,
      "os": [
        "freebsd"
      ],
      "engines": {
        "node": "^20.19.0 || >=22.12.0"
      }
    },
    "node_modules/@oxc-parser/binding-linux-arm-gnueabihf": {
      "version": "0.126.0",
      "resolved": "https://registry.npmjs.org/@oxc-parser/binding-linux-arm-gnueabihf/-/binding-linux-arm-gnueabihf-0.126.0.tgz",
      "integrity": "sha512-onipc2wCDA7Bauzb4KK1mab0GsEDf4ujiIfWECdnmY/2LlzAoX3xdQRLAUyEDB1kn3yilHBrkmXDdHluyHXxiw==",
      "cpu": [
        "arm"
      ],
      "license": "MIT",
      "optional": true,
      "os": [
        "linux"
      ],
      "engines": {
        "node": "^20.19.0 || >=22.12.0"
      }
    },
    "node_modules/@oxc-parser/binding-linux-arm-musleabihf": {
      "version": "0.126.0",
      "resolved": "https://registry.npmjs.org/@oxc-parser/binding-linux-arm-musleabihf/-/binding-linux-arm-musleabihf-0.126.0.tgz",
      "integrity": "sha512-5BuJJPohrV5NJ8lmcYOMbfRCUGoYH5J9HZHeuqOLwkHXWAuPMN3X1h8bC/2mWjmosdbfTtmyIdX3spS/TkqKNg==",
      "cpu": [
        "arm"
      ],
      "license": "MIT",
      "optional": true,
      "os": [
        "linux"
      ],
      "engines": {
        "node": "^20.19.0 || >=22.12.0"
      }
    },
    "node_modules/@oxc-parser/binding-linux-arm64-gnu": {
      "version": "0.126.0",
      "resolved": "https://registry.npmjs.org/@oxc-parser/binding-linux-arm64-gnu/-/binding-linux-arm64-gnu-0.126.0.tgz",
      "integrity": "sha512-r2KApRgm2pOJaduRm6GOT8x0whcr67AyejNkSdzPt34GJ+Y3axcXN2mwlTs+8lfO/SSmpO5ZJGYiHYnxEE0jkw==",
      "cpu": [
        "arm64"
      ],
      "license": "MIT",
      "optional": true,
      "os": [
        "linux"
      ],
      "engines": {
        "node": "^20.19.0 || >=22.12.0"
      }
    },
    "node_modules/@oxc-parser/binding-linux-arm64-musl": {
      "version": "0.126.0",
      "resolved": "https://registry.npmjs.org/@oxc-parser/binding-linux-arm64-musl/-/binding-linux-arm64-musl-0.126.0.tgz",
      "integrity": "sha512-FQ+MMh7MT0Dr/u8+RWmWKlfoeWPQyHDbhhxJShJlYtROXXPHsRs9EvmQOZZ3sx4Nn7JU8NX+oyw2YzQ7anBJcA==",
      "cpu": [
        "arm64"
      ],
      "license": "MIT",
      "optional": true,
      "os": [
        "linux"
      ],
      "engines": {
        "node": "^20.19.0 || >=22.12.0"
      }
    },
    "node_modules/@oxc-parser/binding-linux-ppc64-gnu": {
      "version": "0.126.0",
      "resolved": "https://registry.npmjs.org/@oxc-parser/binding-linux-ppc64-gnu/-/binding-linux-ppc64-gnu-0.126.0.tgz",
      "integrity": "sha512-Wv/T8C98hRQhGTlx2XFyLn5raRMp9U1lOQD+YnXNgAr7wHbJJpZ8mDBU7Rw+M3WytGcGTFcr6kqgfyQeHVtLbQ==",
      "cpu": [
        "ppc64"
      ],
      "license": "MIT",
      "optional": true,
      "os": [
        "linux"
      ],
      "engines": {
        "node": "^20.19.0 || >=22.12.0"
      }
    },
    "node_modules/@oxc-parser/binding-linux-riscv64-gnu": {
      "version": "0.126.0",
      "resolved": "https://registry.npmjs.org/@oxc-parser/binding-linux-riscv64-gnu/-/binding-linux-riscv64-gnu-0.126.0.tgz",
      "integrity": "sha512-DHx1rT1zauW0ZbLHOiQh5AC9Xs3UkWx2XmfZHs+7nnWYr3sagrufoUQC+/XPwwjMIlCFXiFGM0sFh3TyOCZwqA==",
      "cpu": [
        "riscv64"
      ],
      "license": "MIT",
      "optional": true,
      "os": [
        "linux"
      ],
      "engines": {
        "node": "^20.19.0 || >=22.12.0"
      }
    },
    "node_modules/@oxc-parser/binding-linux-riscv64-musl": {
      "version": "0.126.0",
      "resolved": "https://registry.npmjs.org/@oxc-parser/binding-linux-riscv64-musl/-/binding-linux-riscv64-musl-0.126.0.tgz",
      "integrity": "sha512-umDc2mTShH0U2zcEYf8mIJ163seLJNn54ZUZYeI5jD4qlg9izPwoLrC2aNPKlMJTu6u/ysmQWiEvIiaAG+INkw==",
      "cpu": [
        "riscv64"
      ],
      "license": "MIT",
      "optional": true,
      "os": [
        "linux"
      ],
      "engines": {
        "node": "^20.19.0 || >=22.12.0"
      }
    },
    "node_modules/@oxc-parser/binding-linux-s390x-gnu": {
      "version": "0.126.0",
      "resolved": "https://registry.npmjs.org/@oxc-parser/binding-linux-s390x-gnu/-/binding-linux-s390x-gnu-0.126.0.tgz",
      "integrity": "sha512-PXXeWayclRtO1pxQEeCpiqIglQdhK2mAI2VX5xnsWdImzSB5GpoQ8TNw7vTCKk2k+GZuxl+q1knncidjCyUP9w==",
      "cpu": [
        "s390x"
      ],
      "license": "MIT",
      "optional": true,
      "os": [
        "linux"
      ],
      "engines": {
        "node": "^20.19.0 || >=22.12.0"
      }
    },
    "node_modules/@oxc-parser/binding-linux-x64-gnu": {
      "version": "0.126.0",
      "resolved": "https://registry.npmjs.org/@oxc-parser/binding-linux-x64-gnu/-/binding-linux-x64-gnu-0.126.0.tgz",
      "integrity": "sha512-wzocjxm34TbB3bFlqG65JiLtvf6ZDg2ZxRkLLbgXwDQUNU+0MPjQN8zy/0jBKNA5fnPLk3XeVdZ7Uin+7+CVkg==",
      "cpu": [
        "x64"
      ],
      "license": "MIT",
      "optional": true,
      "os": [
        "linux"
      ],
      "engines": {
        "node": "^20.19.0 || >=22.12.0"
      }
    },
    "node_modules/@oxc-parser/binding-linux-x64-musl": {
      "version": "0.126.0",
      "resolved": "https://registry.npmjs.org/@oxc-parser/binding-linux-x64-musl/-/binding-linux-x64-musl-0.126.0.tgz",
      "integrity": "sha512-e83uftP60jmkPs2+CW6T6A1GYzN2H6IumDAiTntv9WyHR73PI3ImHNBkYqnA3ukeKI3xjcCbhSh9QeJWmufxGQ==",
      "cpu": [
        "x64"
      ],
      "license": "MIT",
      "optional": true,
      "os": [
        "linux"
      ],
      "engines": {
        "node": "^20.19.0 || >=22.12.0"
      }
    },
    "node_modules/@oxc-parser/binding-openharmony-arm64": {
      "version": "0.126.0",
      "resolved": "https://registry.npmjs.org/@oxc-parser/binding-openharmony-arm64/-/binding-openharmony-arm64-0.126.0.tgz",
      "integrity": "sha512-4WiOILHnPrTDY2/L4mE6PZCYwLN1d3ghma6BuTJ452CCgzRMt3uFplCtR+o3r9zdUWJYb370UizpI9CUcWXr1A==",
      "cpu": [
        "arm64"
      ],
      "license": "MIT",
      "optional": true,
      "os": [
        "openharmony"
      ],
      "engines": {
        "node": "^20.19.0 || >=22.12.0"
      }
    },
    "node_modules/@oxc-parser/binding-wasm32-wasi": {
      "version": "0.126.0",
      "resolved": "https://registry.npmjs.org/@oxc-parser/binding-wasm32-wasi/-/binding-wasm32-wasi-0.126.0.tgz",
      "integrity": "sha512-Y17hhnrQTrxgAxAyAq401vnN9URsAL4s5AjqpG1NDsXSlhe1yBNnns+rC2P6xcMoitgX5nKH2ryYt9oiFRlzLw==",
      "cpu": [
        "wasm32"
      ],
      "license": "MIT",
      "optional": true,
      "dependencies": {
        "@emnapi/core": "1.9.2",
        "@emnapi/runtime": "1.9.2",
        "@napi-rs/wasm-runtime": "^1.1.4"
      },
      "engines": {
        "node": ">=14.0.0"
      }
    },
    "node_modules/@oxc-parser/binding-win32-arm64-msvc": {
      "version": "0.126.0",
      "resolved": "https://registry.npmjs.org/@oxc-parser/binding-win32-arm64-msvc/-/binding-win32-arm64-msvc-0.126.0.tgz",
      "integrity": "sha512-Znug1u1iRvT4VC3jANz6nhGBHsFwEFMxuimYpJFwMtsB6H5FcEoZRMmH26tHkSTD03JvDmG+gB65W3ajLjPcSw==",
      "cpu": [
        "arm64"
      ],
      "license": "MIT",
      "optional": true,
      "os": [
        "win32"
      ],
      "engines": {
        "node": "^20.19.0 || >=22.12.0"
      }
    },
    "node_modules/@oxc-parser/binding-win32-ia32-msvc": {
      "version": "0.126.0",
      "resolved": "https://registry.npmjs.org/@oxc-parser/binding-win32-ia32-msvc/-/binding-win32-ia32-msvc-0.126.0.tgz",
      "integrity": "sha512-qrw7mx5hFFTxVSXToOA40hpnjgNB/DJprZchtB4rDKNLKqkD3F26HbzaQeH1nxAKej0efSZfJd5Sw3qdtOLGhw==",
      "cpu": [
        "ia32"
      ],
      "license": "MIT",
      "optional": true,
      "os": [
        "win32"
      ],
      "engines": {
        "node": "^20.19.0 || >=22.12.0"
      }
    },
    "node_modules/@oxc-parser/binding-win32-x64-msvc": {
      "version": "0.126.0",
      "resolved": "https://registry.npmjs.org/@oxc-parser/binding-win32-x64-msvc/-/binding-win32-x64-msvc-0.126.0.tgz",
      "integrity": "sha512-ibB1s+mPUFXvS7MFJO2jpw/aCNs/P6ifnWlRyTYB+WYBpniOiCcHQQskZneJtwcjQMDRol3RGG3ihoYnzXSY4w==",
      "cpu": [
        "x64"
      ],
      "license": "MIT",
      "optional": true,
      "os": [
        "win32"
      ],
      "engines": {
        "node": "^20.19.0 || >=22.12.0"
      }
    },
    "node_modules/@emnapi/core": {
      "version": "1.9.2",
      "resolved": "https://registry.npmjs.org/@emnapi/core/-/core-1.9.2.tgz",
      "integrity": "sha512-UC+ZhH3XtczQYfOlu3lNEkdW/p4dsJ1r/bP7H8+rhao3TTTMO1ATq/4DdIi23XuGoFY+Cz0JmCbdVl0hz9jZcA==",
      "license": "MIT",
      "optional": true,
      "dependencies": {
        "@emnapi/wasi-threads": "1.2.1",
        "tslib": "^2.4.0"
      }
    },
    "node_modules/@emnapi/runtime": {
      "version": "1.9.2",
      "resolved": "https://registry.npmjs.org/@emnapi/runtime/-/runtime-1.9.2.tgz",
      "integrity": "sha512-3U4+MIWHImeyu1wnmVygh5WlgfYDtyf0k8AbLhMFxOipihf6nrWC4syIm/SwEeec0mNSafiiNnMJwbza/Is6Lw==",
      "license": "MIT",
      "optional": true,
      "dependencies": {
        "tslib": "^2.4.0"
      }
    },
    "node_modules/@napi-rs/wasm-runtime": {
      "version": "1.1.4",
      "resolved": "https://registry.npmjs.org/@napi-rs/wasm-runtime/-/wasm-runtime-1.1.4.tgz",
      "integrity": "sha512-3NQNNgA1YSlJb/kMH1ildASP9HW7/7kYnRI2szWJaofaS1hWmbGI4H+d3+22aGzXXN9IJ+n+GiFVcGipJP18ow==",
      "license": "MIT",
      "optional": true,
      "dependencies": {
        "@tybys/wasm-util": "^0.10.1"
      },
      "funding": {
        "type": "github",
        "url": "https://github.com/sponsors/Brooooooklyn"
      },
      "peerDependencies": {
        "@emnapi/core": "^1.7.1",
        "@emnapi/runtime": "^1.7.1"
      }
    },
    "node_modules/@emnapi/wasi-threads": {
      "version": "1.2.1",
      "resolved": "https://registry.npmjs.org/@emnapi/wasi-threads/-/wasi-threads-1.2.1.tgz",
      "integrity": "sha512-uTII7OYF+/Mes/MrcIOYp5yOtSMLBWSIoLPpcgwipoiKbli6k322tcoFsxoIIxPDqW01SQGAgko4EzZi2BNv2w==",
      "license": "MIT",
      "optional": true,
      "dependencies": {
        "tslib": "^2.4.0"
      }
    },
    "node_modules/tslib": {
      "version": "2.8.1",
      "resolved": "https://registry.npmjs.org/tslib/-/tslib-2.8.1.tgz",
      "integrity": "sha512-oJFu94HQb+KVduSUQL7wnpmqnfmLsOA/nAh6b6EH0wCEoK0/mPeXU6c3wKDV83MkOuHPRHtSXKKU99IBazS/2w==",
      "license": "0BSD",
      "optional": true
    },
    "node_modules/@tybys/wasm-util": {
      "version": "0.10.1",
      "resolved": "https://registry.npmjs.org/@tybys/wasm-util/-/wasm-util-0.10.1.tgz",
      "integrity": "sha512-9tTaPJLSiejZKx+Bmog4uSubteqTvFrVrURwkmHixBo0G4seD0zUxp98E1DzUBJxLQ3NPwXrGKDiVjwx/DpPsg==",
      "license": "MIT",
      "optional": true,
      "dependencies": {
        "tslib": "^2.4.0"
      }
    },
    "": {
      "name": "lumin-repo-lens-skill",
      "version": "0.9.0-beta.93",
      "license": "MIT",
      "dependencies": {
        "@vscode/tree-sitter-wasm": "^0.3.1",
        "oxc-parser": "^0.126.0",
        "typescript": "^5.7.0",
        "web-tree-sitter": "^0.26.8"
      },
      "bin": {
        "lumin-repo-lens": "scripts/audit-repo.mjs"
      },
      "engines": {
        "node": "^20.19.0 || >=22.12.0"
      }
    }
  }
}
